
Microsoft Visual Studio Solution File, Format Version 11.00
# Visual Studio 2010
Project("{8BC9CEB8-8B4A-11D0-8D11-00A0C91BC942}") = "adpProject", "adpProject\adpProject.vcxproj", "{59D9B3B9-072F-4767-A2EB-5F4A61A15614}"
EndProject
Global
	GlobalSection(SolutionConfigurationPlatforms) = preSolution
		Debug|Win32 = Debug|Win32
		Debug|x64 = Debug|x64
		Release|Win32 = Release|Win32
		Release|x64 = Release|x64
	EndGlobalSection
	GlobalSection(ProjectConfigurationPlatforms) = postSolution
		{59D9B3B9-072F-4767-A2EB-5F4A61A15614}.Debug|Win32.ActiveCfg = Debug|x64
		{59D9B3B9-072F-4767-A2EB-5F4A61A15614}.Debug|x64.ActiveCfg = Release|x64
		{59D9B3B9-072F-4767-A2EB-5F4A61A15614}.Debug|x64.Build.0 = Release|x64
		{59D9B3B9-072F-4767-A2EB-5F4A61A15614}.Release|Win32.ActiveCfg = Release|x64
		{59D9B3B9-072F-4767-A2EB-5F4A61A15614}.Release|x64.ActiveCfg = Release|x64
		{59D9B3B9-072F-4767-A2EB-5F4A61A15614}.Release|x64.Build.0 = Release|x64
	EndGlobalSection
	GlobalSection(SolutionProperties) = preSolution
		HideSolutionNode = FALSE
	EndGlobalSection
EndGlobal
